
Microsoft Visual Studio Solution File, Format Version 12.00
# Visual Studio Version 16
VisualStudioVersion = 16.0.29911.84
MinimumVisualStudioVersion = 10.0.40219.1
Project("{FAE04EC0-301F-11D3-BF4B-00C04F79EFBC}") = "SecureAPI", "SecureAPI\SecureAPI.csproj", "{0E738DB4-ACF9-4163-9B36-7F06289E0A6E}"
EndProject
Global
	GlobalSection(SolutionConfigurationPlatforms) = preSolution
		Debug|Any CPU = Debug|Any CPU
		Release|Any CPU = Release|Any CPU
	EndGlobalSection
	GlobalSection(ProjectConfigurationPlatforms) = postSolution
		{0E738DB4-ACF9-4163-9B36-7F06289E0A6E}.Debug|Any CPU.ActiveCfg = Debug|Any CPU
		{0E738DB4-ACF9-4163-9B36-7F06289E0A6E}.Debug|Any CPU.Build.0 = Debug|Any CPU
		{0E738DB4-ACF9-4163-9B36-7F06289E0A6E}.Release|Any CPU.ActiveCfg = Release|Any CPU
		{0E738DB4-ACF9-4163-9B36-7F06289E0A6E}.Release|Any CPU.Build.0 = Release|Any CPU
	EndGlobalSection
	GlobalSection(SolutionProperties) = preSolution
		HideSolutionNode = FALSE
	EndGlobalSection
	GlobalSection(ExtensibilityGlobals) = postSolution
		SolutionGuid = {BB320117-6C0E-4613-87F1-C7A4CD0DC1E3}
	EndGlobalSection
EndGlobal
